// !$*UTF8*$!
{
	archiveVersion = 1;
	classes = {
	};
	objectVersion = 56;
	objects = {

/* Begin PBXBuildFile section */
		A23EF9842B0B820F00C34F87 /* Event+CoreDataClass.swift in Sources */ = {isa = PBXBuildFile; fileRef = A23EF97E2B0B820F00C34F87 /* Event+CoreDataClass.swift */; };
		A23EF9852B0B820F00C34F87 /* Event+CoreDataProperties.swift in Sources */ = {isa = PBXBuildFile; fileRef = A23EF97F2B0B820F00C34F87 /* Event+CoreDataProperties.swift */; };
		A23EF9862B0B820F00C34F87 /* Comment+CoreDataClass.swift in Sources */ = {isa = PBXBuildFile; fileRef = A23EF9802B0B820F00C34F87 /* Comment+CoreDataClass.swift */; };
		A23EF9872B0B820F00C34F87 /* Comment+CoreDataProperties.swift in Sources */ = {isa = PBXBuildFile; fileRef = A23EF9812B0B820F00C34F87 /* Comment+CoreDataProperties.swift */; };
		A23EF9882B0B820F00C34F87 /* User+CoreDataClass.swift in Sources */ = {isa = PBXBuildFile; fileRef = A23EF9822B0B820F00C34F87 /* User+CoreDataClass.swift */; };
		A23EF9892B0B820F00C34F87 /* User+CoreDataProperties.swift in Sources */ = {isa = PBXBuildFile; fileRef = A23EF9832B0B820F00C34F87 /* User+CoreDataProperties.swift */; };
		A26A85092B04824A00CD4F0F /* EventifyApp.swift in Sources */ = {isa = PBXBuildFile; fileRef = A26A85082B04824A00CD4F0F /* EventifyApp.swift */; };
		A26A850E2B04824A00CD4F0F /* Eventify.xcdatamodeld in Sources */ = {isa = PBXBuildFile; fileRef = A26A850C2B04824A00CD4F0F /* Eventify.xcdatamodeld */; };
		A26A85122B04824D00CD4F0F /* Assets.xcassets in Resources */ = {isa = PBXBuildFile; fileRef = A26A85112B04824D00CD4F0F /* Assets.xcassets */; };
		A26A85162B04824D00CD4F0F /* Preview Assets.xcassets in Resources */ = {isa = PBXBuildFile; fileRef = A26A85152B04824D00CD4F0F /* Preview Assets.xcassets */; };
		A26A852B2B04EC7B00CD4F0F /* CustomComponents.swift in Sources */ = {isa = PBXBuildFile; fileRef = A26A852A2B04EC7B00CD4F0F /* CustomComponents.swift */; };
		A26A852D2B04ED0E00CD4F0F /* Validation.swift in Sources */ = {isa = PBXBuildFile; fileRef = A26A852C2B04ED0D00CD4F0F /* Validation.swift */; };
		A26A85322B04ED9B00CD4F0F /* ProfileView.swift in Sources */ = {isa = PBXBuildFile; fileRef = A26A85312B04ED9B00CD4F0F /* ProfileView.swift */; };
		A26A85342B04EDAB00CD4F0F /* Register.swift in Sources */ = {isa = PBXBuildFile; fileRef = A26A85332B04EDAB00CD4F0F /* Register.swift */; };
		A26A85382B04EE6500CD4F0F /* DataManager.swift in Sources */ = {isa = PBXBuildFile; fileRef = A26A85372B04EE6500CD4F0F /* DataManager.swift */; };
		A26A853A2B04EE7C00CD4F0F /* FileManagerClass.swift in Sources */ = {isa = PBXBuildFile; fileRef = A26A85392B04EE7C00CD4F0F /* FileManagerClass.swift */; };
		A26A853C2B04EE9900CD4F0F /* LocationManager.swift in Sources */ = {isa = PBXBuildFile; fileRef = A26A853B2B04EE9900CD4F0F /* LocationManager.swift */; };
		A26A853F2B04EF9F00CD4F0F /* TabBarView.swift in Sources */ = {isa = PBXBuildFile; fileRef = A26A853E2B04EF9F00CD4F0F /* TabBarView.swift */; };
		A26A85422B04F00400CD4F0F /* EventView.swift in Sources */ = {isa = PBXBuildFile; fileRef = A26A85412B04F00400CD4F0F /* EventView.swift */; };
		A27DC76F2B057E2E00F3863B /* EventDetailsView.swift in Sources */ = {isa = PBXBuildFile; fileRef = A27DC76E2B057E2E00F3863B /* EventDetailsView.swift */; };
		A27DC7712B05800E00F3863B /* AddEventView.swift in Sources */ = {isa = PBXBuildFile; fileRef = A27DC7702B05800E00F3863B /* AddEventView.swift */; };
		A27DC78C2B06875500F3863B /* MapView.swift in Sources */ = {isa = PBXBuildFile; fileRef = A27DC78B2B06875500F3863B /* MapView.swift */; };
/* End PBXBuildFile section */

/* Begin PBXFileReference section */
		A23EF97E2B0B820F00C34F87 /* Event+CoreDataClass.swift */ = {isa = PBXFileReference; lastKnownFileType = sourcecode.swift; path = "Event+CoreDataClass.swift"; sourceTree = "<group>"; };
		A23EF97F2B0B820F00C34F87 /* Event+CoreDataProperties.swift */ = {isa = PBXFileReference; lastKnownFileType = sourcecode.swift; path = "Event+CoreDataProperties.swift"; sourceTree = "<group>"; };
		A23EF9802B0B820F00C34F87 /* Comment+CoreDataClass.swift */ = {isa = PBXFileReference; lastKnownFileType = sourcecode.swift; path = "Comment+CoreDataClass.swift"; sourceTree = "<group>"; };
		A23EF9812B0B820F00C34F87 /* Comment+CoreDataProperties.swift */ = {isa = PBXFileReference; lastKnownFileType = sourcecode.swift; path = "Comment+CoreDataProperties.swift"; sourceTree = "<group>"; };
		A23EF9822B0B820F00C34F87 /* User+CoreDataClass.swift */ = {isa = PBXFileReference; lastKnownFileType = sourcecode.swift; path = "User+CoreDataClass.swift"; sourceTree = "<group>"; };
		A23EF9832B0B820F00C34F87 /* User+CoreDataProperties.swift */ = {isa = PBXFileReference; lastKnownFileType = sourcecode.swift; path = "User+CoreDataProperties.swift"; sourceTree = "<group>"; };
		A26A85052B04824A00CD4F0F /* Eventify.app */ = {isa = PBXFileReference; explicitFileType = wrapper.application; includeInIndex = 0; path = Eventify.app; sourceTree = BUILT_PRODUCTS_DIR; };
		A26A85082B04824A00CD4F0F /* EventifyApp.swift */ = {isa = PBXFileReference; lastKnownFileType = sourcecode.swift; path = EventifyApp.swift; sourceTree = "<group>"; };
		A26A850D2B04824A00CD4F0F /* Eventify.xcdatamodel */ = {isa = PBXFileReference; lastKnownFileType = wrapper.xcdatamodel; path = Eventify.xcdatamodel; sourceTree = "<group>"; };
		A26A85112B04824D00CD4F0F /* Assets.xcassets */ = {isa = PBXFileReference; lastKnownFileType = folder.assetcatalog; path = Assets.xcassets; sourceTree = "<group>"; };
		A26A85132B04824D00CD4F0F /* Eventify.entitlements */ = {isa = PBXFileReference; lastKnownFileType = text.plist.entitlements; path = Eventify.entitlements; sourceTree = "<group>"; };
		A26A85152B04824D00CD4F0F /* Preview Assets.xcassets */ = {isa = PBXFileReference; lastKnownFileType = folder.assetcatalog; path = "Preview Assets.xcassets"; sourceTree = "<group>"; };
		A26A852A2B04EC7B00CD4F0F /* CustomComponents.swift */ = {isa = PBXFileReference; lastKnownFileType = sourcecode.swift; path = CustomComponents.swift; sourceTree = "<group>"; };
		A26A852C2B04ED0D00CD4F0F /* Validation.swift */ = {isa = PBXFileReference; lastKnownFileType = sourcecode.swift; path = Validation.swift; sourceTree = "<group>"; };
		A26A85312B04ED9B00CD4F0F /* ProfileView.swift */ = {isa = PBXFileReference; lastKnownFileType = sourcecode.swift; path = ProfileView.swift; sourceTree = "<group>"; };
		A26A85332B04EDAB00CD4F0F /* Register.swift */ = {isa = PBXFileReference; lastKnownFileType = sourcecode.swift; path = Register.swift; sourceTree = "<group>"; };
		A26A85372B04EE6500CD4F0F /* DataManager.swift */ = {isa = PBXFileReference; lastKnownFileType = sourcecode.swift; path = DataManager.swift; sourceTree = "<group>"; };
		A26A85392B04EE7C00CD4F0F /* FileManagerClass.swift */ = {isa = PBXFileReference; lastKnownFileType = sourcecode.swift; path = FileManagerClass.swift; sourceTree = "<group>"; };
		A26A853B2B04EE9900CD4F0F /* LocationManager.swift */ = {isa = PBXFileReference; lastKnownFileType = sourcecode.swift; path = LocationManager.swift; sourceTree = "<group>"; };
		A26A853E2B04EF9F00CD4F0F /* TabBarView.swift */ = {isa = PBXFileReference; lastKnownFileType = sourcecode.swift; path = TabBarView.swift; sourceTree = "<group>"; };
		A26A85412B04F00400CD4F0F /* EventView.swift */ = {isa = PBXFileReference; lastKnownFileType = sourcecode.swift; path = EventView.swift; sourceTree = "<group>"; };
		A26A85432B04F46A00CD4F0F /* Info.plist */ = {isa = PBXFileReference; lastKnownFileType = text.plist; path = Info.plist; sourceTree = "<group>"; };
		A27DC76E2B057E2E00F3863B /* EventDetailsView.swift */ = {isa = PBXFileReference; lastKnownFileType = sourcecode.swift; path = EventDetailsView.swift; sourceTree = "<group>"; };
		A27DC7702B05800E00F3863B /* AddEventView.swift */ = {isa = PBXFileReference; lastKnownFileType = sourcecode.swift; path = AddEventView.swift; sourceTree = "<group>"; };
		A27DC78B2B06875500F3863B /* MapView.swift */ = {isa = PBXFileReference; lastKnownFileType = sourcecode.swift; path = MapView.swift; sourceTree = "<group>"; };
/* End PBXFileReference section */

/* Begin PBXFrameworksBuildPhase section */
		A26A85022B04824A00CD4F0F /* Frameworks */ = {
			isa = PBXFrameworksBuildPhase;
			buildActionMask = 2147483647;
			files = (
			);
			runOnlyForDeploymentPostprocessing = 0;
		};
/* End PBXFrameworksBuildPhase section */

/* Begin PBXGroup section */
		A26A84FC2B04824A00CD4F0F = {
			isa = PBXGroup;
			children = (
				A26A85072B04824A00CD4F0F /* Eventify */,
				A26A85062B04824A00CD4F0F /* Products */,
			);
			sourceTree = "<group>";
		};
		A26A85062B04824A00CD4F0F /* Products */ = {
			isa = PBXGroup;
			children = (
				A26A85052B04824A00CD4F0F /* Eventify.app */,
			);
			name = Products;
			sourceTree = "<group>";
		};
		A26A85072B04824A00CD4F0F /* Eventify */ = {
			isa = PBXGroup;
			children = (
				A26A85282B04EB9B00CD4F0F /* DataModel */,
				A26A852E2B04ED2500CD4F0F /* Utility */,
				A26A85292B04EC5000CD4F0F /* Components */,
				A26A853D2B04EF7D00CD4F0F /* TabBar */,
				A26A85302B04ED8000CD4F0F /* Profile */,
				A26A85402B04EFF000CD4F0F /* Event */,
				A27DC78A2B06873400F3863B /* Map */,
				A26A85082B04824A00CD4F0F /* EventifyApp.swift */,
				A26A85112B04824D00CD4F0F /* Assets.xcassets */,
				A26A85432B04F46A00CD4F0F /* Info.plist */,
				A26A85132B04824D00CD4F0F /* Eventify.entitlements */,
				A26A850C2B04824A00CD4F0F /* Eventify.xcdatamodeld */,
				A26A85142B04824D00CD4F0F /* Preview Content */,
			);
			path = Eventify;
			sourceTree = "<group>";
		};
		A26A85142B04824D00CD4F0F /* Preview Content */ = {
			isa = PBXGroup;
			children = (
				A26A85152B04824D00CD4F0F /* Preview Assets.xcassets */,
			);
			path = "Preview Content";
			sourceTree = "<group>";
		};
		A26A85282B04EB9B00CD4F0F /* DataModel */ = {
			isa = PBXGroup;
			children = (
				A23EF97E2B0B820F00C34F87 /* Event+CoreDataClass.swift */,
				A23EF97F2B0B820F00C34F87 /* Event+CoreDataProperties.swift */,
				A23EF9802B0B820F00C34F87 /* Comment+CoreDataClass.swift */,
				A23EF9812B0B820F00C34F87 /* Comment+CoreDataProperties.swift */,
				A23EF9822B0B820F00C34F87 /* User+CoreDataClass.swift */,
				A23EF9832B0B820F00C34F87 /* User+CoreDataProperties.swift */,
			);
			path = DataModel;
			sourceTree = "<group>";
		};
		A26A85292B04EC5000CD4F0F /* Components */ = {
			isa = PBXGroup;
			children = (
				A26A852A2B04EC7B00CD4F0F /* CustomComponents.swift */,
			);
			path = Components;
			sourceTree = "<group>";
		};
		A26A852E2B04ED2500CD4F0F /* Utility */ = {
			isa = PBXGroup;
			children = (
				A26A85392B04EE7C00CD4F0F /* FileManagerClass.swift */,
				A26A853B2B04EE9900CD4F0F /* LocationManager.swift */,
				A26A85372B04EE6500CD4F0F /* DataManager.swift */,
				A26A852C2B04ED0D00CD4F0F /* Validation.swift */,
			);
			path = Utility;
			sourceTree = "<group>";
		};
		A26A85302B04ED8000CD4F0F /* Profile */ = {
			isa = PBXGroup;
			children = (
				A26A85312B04ED9B00CD4F0F /* ProfileView.swift */,
				A26A85332B04EDAB00CD4F0F /* Register.swift */,
			);
			path = Profile;
			sourceTree = "<group>";
		};
		A26A853D2B04EF7D00CD4F0F /* TabBar */ = {
			isa = PBXGroup;
			children = (
				A26A853E2B04EF9F00CD4F0F /* TabBarView.swift */,
			);
			path = TabBar;
			sourceTree = "<group>";
		};
		A26A85402B04EFF000CD4F0F /* Event */ = {
			isa = PBXGroup;
			children = (
				A26A85412B04F00400CD4F0F /* EventView.swift */,
				A27DC7702B05800E00F3863B /* AddEventView.swift */,
				A27DC76E2B057E2E00F3863B /* EventDetailsView.swift */,
			);
			path = Event;
			sourceTree = "<group>";
		};
		A27DC78A2B06873400F3863B /* Map */ = {
			isa = PBXGroup;
			children = (
				A27DC78B2B06875500F3863B /* MapView.swift */,
			);
			path = Map;
			sourceTree = "<group>";
		};
/* End PBXGroup section */

/* Begin PBXNativeTarget section */
		A26A85042B04824A00CD4F0F /* Eventify */ = {
			isa = PBXNativeTarget;
			buildConfigurationList = A26A85192B04824D00CD4F0F /* Build configuration list for PBXNativeTarget "Eventify" */;
			buildPhases = (
				A26A85012B04824A00CD4F0F /* Sources */,
				A26A85022B04824A00CD4F0F /* Frameworks */,
				A26A85032B04824A00CD4F0F /* Resources */,
			);
			buildRules = (
			);
			dependencies = (
			);
			name = Eventify;
			productName = Eventify;
			productReference = A26A85052B04824A00CD4F0F /* Eventify.app */;
			productType = "com.apple.product-type.application";
		};
/* End PBXNativeTarget section */

/* Begin PBXProject section */
		A26A84FD2B04824A00CD4F0F /* Project object */ = {
			isa = PBXProject;
			attributes = {
				BuildIndependentTargetsInParallel = 1;
				LastSwiftUpdateCheck = 1500;
				LastUpgradeCheck = 1500;
				TargetAttributes = {
					A26A85042B04824A00CD4F0F = {
						CreatedOnToolsVersion = 15.0.1;
					};
				};
			};
			buildConfigurationList = A26A85002B04824A00CD4F0F /* Build configuration list for PBXProject "Eventify" */;
			compatibilityVersion = "Xcode 14.0";
			developmentRegion = en;
			hasScannedForEncodings = 0;
			knownRegions = (
				en,
				Base,
			);
			mainGroup = A26A84FC2B04824A00CD4F0F;
			productRefGroup = A26A85062B04824A00CD4F0F /* Products */;
			projectDirPath = "";
			projectRoot = "";
			targets = (
				A26A85042B04824A00CD4F0F /* Eventify */,
			);
		};
/* End PBXProject section */

/* Begin PBXResourcesBuildPhase section */
		A26A85032B04824A00CD4F0F /* Resources */ = {
			isa = PBXResourcesBuildPhase;
			buildActionMask = 2147483647;
			files = (
				A26A85162B04824D00CD4F0F /* Preview Assets.xcassets in Resources */,
				A26A85122B04824D00CD4F0F /* Assets.xcassets in Resources */,
			);
			runOnlyForDeploymentPostprocessing = 0;
		};
/* End PBXResourcesBuildPhase section */

/* Begin PBXSourcesBuildPhase section */
		A26A85012B04824A00CD4F0F /* Sources */ = {
			isa = PBXSourcesBuildPhase;
			buildActionMask = 2147483647;
			files = (
				A26A853A2B04EE7C00CD4F0F /* FileManagerClass.swift in Sources */,
				A26A853F2B04EF9F00CD4F0F /* TabBarView.swift in Sources */,
				A26A85422B04F00400CD4F0F /* EventView.swift in Sources */,
				A23EF9882B0B820F00C34F87 /* User+CoreDataClass.swift in Sources */,
				A26A853C2B04EE9900CD4F0F /* LocationManager.swift in Sources */,
				A26A852B2B04EC7B00CD4F0F /* CustomComponents.swift in Sources */,
				A26A85092B04824A00CD4F0F /* EventifyApp.swift in Sources */,
				A23EF9852B0B820F00C34F87 /* Event+CoreDataProperties.swift in Sources */,
				A27DC7712B05800E00F3863B /* AddEventView.swift in Sources */,
				A23EF9842B0B820F00C34F87 /* Event+CoreDataClass.swift in Sources */,
				A26A85342B04EDAB00CD4F0F /* Register.swift in Sources */,
				A26A850E2B04824A00CD4F0F /* Eventify.xcdatamodeld in Sources */,
				A27DC76F2B057E2E00F3863B /* EventDetailsView.swift in Sources */,
				A23EF9862B0B820F00C34F87 /* Comment+CoreDataClass.swift in Sources */,
				A26A852D2B04ED0E00CD4F0F /* Validation.swift in Sources */,
				A27DC78C2B06875500F3863B /* MapView.swift in Sources */,
				A26A85322B04ED9B00CD4F0F /* ProfileView.swift in Sources */,
				A23EF9872B0B820F00C34F87 /* Comment+CoreDataProperties.swift in Sources */,
				A23EF9892B0B820F00C34F87 /* User+CoreDataProperties.swift in Sources */,
				A26A85382B04EE6500CD4F0F /* DataManager.swift in Sources */,
			);
			runOnlyForDeploymentPostprocessing = 0;
		};
/* End PBXSourcesBuildPhase section */

/* Begin XCBuildConfiguration section */
		A26A85172B04824D00CD4F0F /* Debug */ = {
			isa = XCBuildConfiguration;
			buildSettings = {
				ALWAYS_SEARCH_USER_PATHS = NO;
				ASSETCATALOG_COMPILER_GENERATE_SWIFT_ASSET_SYMBOL_EXTENSIONS = YES;
				CLANG_ANALYZER_NONNULL = YES;
				CLANG_ANALYZER_NUMBER_OBJECT_CONVERSION = YES_AGGRESSIVE;
				CLANG_CXX_LANGUAGE_STANDARD = "gnu++20";
				CLANG_ENABLE_MODULES = YES;
				CLANG_ENABLE_OBJC_ARC = YES;
				CLANG_ENABLE_OBJC_WEAK = YES;
				CLANG_WARN_BLOCK_CAPTURE_AUTORELEASING = YES;
				CLANG_WARN_BOOL_CONVERSION = YES;
				CLANG_WARN_COMMA = YES;
				CLANG_WARN_CONSTANT_CONVERSION = YES;
				CLANG_WARN_DEPRECATED_OBJC_IMPLEMENTATIONS = YES;
				CLANG_WARN_DIRECT_OBJC_ISA_USAGE = YES_ERROR;
				CLANG_WARN_DOCUMENTATION_COMMENTS = YES;
				CLANG_WARN_EMPTY_BODY = YES;
				CLANG_WARN_ENUM_CONVERSION = YES;
				CLANG_WARN_INFINITE_RECURSION = YES;
				CLANG_WARN_INT_CONVERSION = YES;
				CLANG_WARN_NON_LITERAL_NULL_CONVERSION = YES;
				CLANG_WARN_OBJC_IMPLICIT_RETAIN_SELF = YES;
				CLANG_WARN_OBJC_LITERAL_CONVERSION = YES;
				CLANG_WARN_OBJC_ROOT_CLASS = YES_ERROR;
				CLANG_WARN_QUOTED_INCLUDE_IN_FRAMEWORK_HEADER = YES;
				CLANG_WARN_RANGE_LOOP_ANALYSIS = YES;
				CLANG_WARN_STRICT_PROTOTYPES = YES;
				CLANG_WARN_SUSPICIOUS_MOVE = YES;
				CLANG_WARN_UNGUARDED_AVAILABILITY = YES_AGGRESSIVE;
				CLANG_WARN_UNREACHABLE_CODE = YES;
				CLANG_WARN__DUPLICATE_METHOD_MATCH = YES;
				COPY_PHASE_STRIP = NO;
				DEBUG_INFORMATION_FORMAT = dwarf;
				ENABLE_STRICT_OBJC_MSGSEND = YES;
				ENABLE_TESTABILITY = YES;
				ENABLE_USER_SCRIPT_SANDBOXING = YES;
				GCC_C_LANGUAGE_STANDARD = gnu17;
				GCC_DYNAMIC_NO_PIC = NO;
				GCC_NO_COMMON_BLOCKS = YES;
				GCC_OPTIMIZATION_LEVEL = 0;
				GCC_PREPROCESSOR_DEFINITIONS = (
					"DEBUG=1",
					"$(inherited)",
				);
				GCC_WARN_64_TO_32_BIT_CONVERSION = YES;
				GCC_WARN_ABOUT_RETURN_TYPE = YES_ERROR;
				GCC_WARN_UNDECLARED_SELECTOR = YES;
				GCC_WARN_UNINITIALIZED_AUTOS = YES_AGGRESSIVE;
				GCC_WARN_UNUSED_FUNCTION = YES;
				GCC_WARN_UNUSED_VARIABLE = YES;
				LOCALIZATION_PREFERS_STRING_CATALOGS = YES;
				MTL_ENABLE_DEBUG_INFO = INCLUDE_SOURCE;
				MTL_FAST_MATH = YES;
				ONLY_ACTIVE_ARCH = YES;
				SWIFT_ACTIVE_COMPILATION_CONDITIONS = "DEBUG $(inherited)";
				SWIFT_OPTIMIZATION_LEVEL = "-Onone";
			};
			name = Debug;
		};
		A26A85182B04824D00CD4F0F /* Release */ = {
			isa = XCBuildConfiguration;
			buildSettings = {
				ALWAYS_SEARCH_USER_PATHS = NO;
				ASSETCATALOG_COMPILER_GENERATE_SWIFT_ASSET_SYMBOL_EXTENSIONS = YES;
				CLANG_ANALYZER_NONNULL = YES;
				CLANG_ANALYZER_NUMBER_OBJECT_CONVERSION = YES_AGGRESSIVE;
				CLANG_CXX_LANGUAGE_STANDARD = "gnu++20";
				CLANG_ENABLE_MODULES = YES;
				CLANG_ENABLE_OBJC_ARC = YES;
				CLANG_ENABLE_OBJC_WEAK = YES;
				CLANG_WARN_BLOCK_CAPTURE_AUTORELEASING = YES;
				CLANG_WARN_BOOL_CONVERSION = YES;
				CLANG_WARN_COMMA = YES;
				CLANG_WARN_CONSTANT_CONVERSION = YES;
				CLANG_WARN_DEPRECATED_OBJC_IMPLEMENTATIONS = YES;
				CLANG_WARN_DIRECT_OBJC_ISA_USAGE = YES_ERROR;
				CLANG_WARN_DOCUMENTATION_COMMENTS = YES;
				CLANG_WARN_EMPTY_BODY = YES;
				CLANG_WARN_ENUM_CONVERSION = YES;
				CLANG_WARN_INFINITE_RECURSION = YES;
				CLANG_WARN_INT_CONVERSION = YES;
				CLANG_WARN_NON_LITERAL_NULL_CONVERSION = YES;
				CLANG_WARN_OBJC_IMPLICIT_RETAIN_SELF = YES;
				CLANG_WARN_OBJC_LITERAL_CONVERSION = YES;
				CLANG_WARN_OBJC_ROOT_CLASS = YES_ERROR;
				CLANG_WARN_QUOTED_INCLUDE_IN_FRAMEWORK_HEADER = YES;
				CLANG_WARN_RANGE_LOOP_ANALYSIS = YES;
				CLANG_WARN_STRICT_PROTOTYPES = YES;
				CLANG_WARN_SUSPICIOUS_MOVE = YES;
				CLANG_WARN_UNGUARDED_AVAILABILITY = YES_AGGRESSIVE;
				CLANG_WARN_UNREACHABLE_CODE = YES;
				CLANG_WARN__DUPLICATE_METHOD_MATCH = YES;
				COPY_PHASE_STRIP = NO;
				DEBUG_INFORMATION_FORMAT = "dwarf-with-dsym";
				ENABLE_NS_ASSERTIONS = NO;
				ENABLE_STRICT_OBJC_MSGSEND = YES;
				ENABLE_USER_SCRIPT_SANDBOXING = YES;
				GCC_C_LANGUAGE_STANDARD = gnu17;
				GCC_NO_COMMON_BLOCKS = YES;
				GCC_WARN_64_TO_32_BIT_CONVERSION = YES;
				GCC_WARN_ABOUT_RETURN_TYPE = YES_ERROR;
				GCC_WARN_UNDECLARED_SELECTOR = YES;
				GCC_WARN_UNINITIALIZED_AUTOS = YES_AGGRESSIVE;
				GCC_WARN_UNUSED_FUNCTION = YES;
				GCC_WARN_UNUSED_VARIABLE = YES;
				LOCALIZATION_PREFERS_STRING_CATALOGS = YES;
				MTL_ENABLE_DEBUG_INFO = NO;
				MTL_FAST_MATH = YES;
				SWIFT_COMPILATION_MODE = wholemodule;
			};
			name = Release;
		};
		A26A851A2B04824D00CD4F0F /* Debug */ = {
			isa = XCBuildConfiguration;
			buildSettings = {
				ASSETCATALOG_COMPILER_APPICON_NAME = AppIcon;
				ASSETCATALOG_COMPILER_GLOBAL_ACCENT_COLOR_NAME = AccentColor;
				CODE_SIGN_ENTITLEMENTS = Eventify/Eventify.entitlements;
				CODE_SIGN_STYLE = Automatic;
				CURRENT_PROJECT_VERSION = 1;
				DEVELOPMENT_ASSET_PATHS = "\"Eventify/Preview Content\"";
				DEVELOPMENT_TEAM = AJ6UG629X6;
				ENABLE_HARDENED_RUNTIME = YES;
				ENABLE_PREVIEWS = YES;
				GENERATE_INFOPLIST_FILE = YES;
				INFOPLIST_FILE = Eventify/Info.plist;
				INFOPLIST_KEY_NSLocationWhenInUseUsageDescription = "Grant location to get your current location";
				"INFOPLIST_KEY_UIApplicationSceneManifest_Generation[sdk=iphoneos*]" = YES;
				"INFOPLIST_KEY_UIApplicationSceneManifest_Generation[sdk=iphonesimulator*]" = YES;
				INFOPLIST_KEY_UIApplicationSupportsIndirectInputEvents = YES;
				"INFOPLIST_KEY_UIApplicationSupportsIndirectInputEvents[sdk=iphoneos*]" = YES;
				"INFOPLIST_KEY_UIApplicationSupportsIndirectInputEvents[sdk=iphonesimulator*]" = YES;
				"INFOPLIST_KEY_UILaunchScreen_Generation[sdk=iphoneos*]" = YES;
				"INFOPLIST_KEY_UILaunchScreen_Generation[sdk=iphonesimulator*]" = YES;
				"INFOPLIST_KEY_UIStatusBarStyle[sdk=iphoneos*]" = UIStatusBarStyleDefault;
				"INFOPLIST_KEY_UIStatusBarStyle[sdk=iphonesimulator*]" = UIStatusBarStyleDefault;
				INFOPLIST_KEY_UISupportedInterfaceOrientations_iPad = "UIInterfaceOrientationPortrait UIInterfaceOrientationPortraitUpsideDown UIInterfaceOrientationLandscapeLeft UIInterfaceOrientationLandscapeRight";
				INFOPLIST_KEY_UISupportedInterfaceOrientations_iPhone = "UIInterfaceOrientationPortrait UIInterfaceOrientationLandscapeLeft UIInterfaceOrientationLandscapeRight";
				IPHONEOS_DEPLOYMENT_TARGET = 17.0;
				LD_RUNPATH_SEARCH_PATHS = "@executable_path/Frameworks";
				"LD_RUNPATH_SEARCH_PATHS[sdk=macosx*]" = "@executable_path/../Frameworks";
				MACOSX_DEPLOYMENT_TARGET = 14.0;
				MARKETING_VERSION = 1.0;
				PRODUCT_BUNDLE_IDENTIFIER = com.singhinamerica.Eventify;
				PRODUCT_NAME = "$(TARGET_NAME)";
				SDKROOT = auto;
				SUPPORTED_PLATFORMS = "iphoneos iphonesimulator macosx";
				SWIFT_EMIT_LOC_STRINGS = YES;
				SWIFT_VERSION = 5.0;
				TARGETED_DEVICE_FAMILY = "1,2";
			};
			name = Debug;
		};
		A26A851B2B04824D00CD4F0F /* Release */ = {
			isa = XCBuildConfiguration;
			buildSettings = {
				ASSETCATALOG_COMPILER_APPICON_NAME = AppIcon;
				ASSETCATALOG_COMPILER_GLOBAL_ACCENT_COLOR_NAME = AccentColor;
				CODE_SIGN_ENTITLEMENTS = Eventify/Eventify.entitlements;
				CODE_SIGN_STYLE = Automatic;
				CURRENT_PROJECT_VERSION = 1;
				DEVELOPMENT_ASSET_PATHS = "\"Eventify/Preview Content\"";
				DEVELOPMENT_TEAM = AJ6UG629X6;
				ENABLE_HARDENED_RUNTIME = YES;
				ENABLE_PREVIEWS = YES;
				GENERATE_INFOPLIST_FILE = YES;
				INFOPLIST_FILE = Eventify/Info.plist;
				INFOPLIST_KEY_NSLocationWhenInUseUsageDescription = "Grant location to get your current location";
				"INFOPLIST_KEY_UIApplicationSceneManifest_Generation[sdk=iphoneos*]" = YES;
				"INFOPLIST_KEY_UIApplicationSceneManifest_Generation[sdk=iphonesimulator*]" = YES;
				INFOPLIST_KEY_UIApplicationSupportsIndirectInputEvents = YES;
				"INFOPLIST_KEY_UIApplicationSupportsIndirectInputEvents[sdk=iphoneos*]" = YES;
				"INFOPLIST_KEY_UIApplicationSupportsIndirectInputEvents[sdk=iphonesimulator*]" = YES;
				"INFOPLIST_KEY_UILaunchScreen_Generation[sdk=iphoneos*]" = YES;
				"INFOPLIST_KEY_UILaunchScreen_Generation[sdk=iphonesimulator*]" = YES;
				"INFOPLIST_KEY_UIStatusBarStyle[sdk=iphoneos*]" = UIStatusBarStyleDefault;
				"INFOPLIST_KEY_UIStatusBarStyle[sdk=iphonesimulator*]" = UIStatusBarStyleDefault;
				INFOPLIST_KEY_UISupportedInterfaceOrientations_iPad = "UIInterfaceOrientationPortrait UIInterfaceOrientationPortraitUpsideDown UIInterfaceOrientationLandscapeLeft UIInterfaceOrientationLandscapeRight";
				INFOPLIST_KEY_UISupportedInterfaceOrientations_iPhone = "UIInterfaceOrientationPortrait UIInterfaceOrientationLandscapeLeft UIInterfaceOrientationLandscapeRight";
				IPHONEOS_DEPLOYMENT_TARGET = 17.0;
				LD_RUNPATH_SEARCH_PATHS = "@executable_path/Frameworks";
				"LD_RUNPATH_SEARCH_PATHS[sdk=macosx*]" = "@executable_path/../Frameworks";
				MACOSX_DEPLOYMENT_TARGET = 14.0;
				MARKETING_VERSION = 1.0;
				PRODUCT_BUNDLE_IDENTIFIER = com.singhinamerica.Eventify;
				PRODUCT_NAME = "$(TARGET_NAME)";
				SDKROOT = auto;
				SUPPORTED_PLATFORMS = "iphoneos iphonesimulator macosx";
				SWIFT_EMIT_LOC_STRINGS = YES;
				SWIFT_VERSION = 5.0;
				TARGETED_DEVICE_FAMILY = "1,2";
			};
			name = Release;
		};
/* End XCBuildConfiguration section */

/* Begin XCConfigurationList section */
		A26A85002B04824A00CD4F0F /* Build configuration list for PBXProject "Eventify" */ = {
			isa = XCConfigurationList;
			buildConfigurations = (
				A26A85172B04824D00CD4F0F /* Debug */,
				A26A85182B04824D00CD4F0F /* Release */,
			);
			defaultConfigurationIsVisible = 0;
			defaultConfigurationName = Release;
		};
		A26A85192B04824D00CD4F0F /* Build configuration list for PBXNativeTarget "Eventify" */ = {
			isa = XCConfigurationList;
			buildConfigurations = (
				A26A851A2B04824D00CD4F0F /* Debug */,
				A26A851B2B04824D00CD4F0F /* Release */,
			);
			defaultConfigurationIsVisible = 0;
			defaultConfigurationName = Release;
		};
/* End XCConfigurationList section */

/* Begin XCVersionGroup section */
		A26A850C2B04824A00CD4F0F /* Eventify.xcdatamodeld */ = {
			isa = XCVersionGroup;
			children = (
				A26A850D2B04824A00CD4F0F /* Eventify.xcdatamodel */,
			);
			currentVersion = A26A850D2B04824A00CD4F0F /* Eventify.xcdatamodel */;
			path = Eventify.xcdatamodeld;
			sourceTree = "<group>";
			versionGroupType = wrapper.xcdatamodel;
		};
/* End XCVersionGroup section */
	};
	rootObject = A26A84FD2B04824A00CD4F0F /* Project object */;
}
